
Microsoft Visual Studio Solution File, Format Version 12.00
# Visual Studio 15
VisualStudioVersion = 15.0.28307.329
MinimumVisualStudioVersion = 10.0.40219.1
Project("{8BC9CEB8-8B4A-11D0-8D11-00A0C91BC942}") = "xml2dll", "xml2dll.vcxproj", "{FB1CB308-6A0D-43EF-9A68-5EBE10C7CADB}"
EndProject
Project("{8BC9CEB8-8B4A-11D0-8D11-00A0C91BC942}") = "xml2lib", "xml2lib.vcxproj", "{366D1C2B-9B14-42EE-9AA0-C41351ECEBAA}"
EndProject
Project("{2150E333-8FDC-42A3-9474-1A3956D46DE8}") = "Tests", "Tests", "{2B9FD6EC-DF30-4952-A9DB-0D20CF93D82B}"
EndProject
Project("{8BC9CEB8-8B4A-11D0-8D11-00A0C91BC942}") = "runsuite", "runsuite\runsuite.vcxproj", "{D8FE8A34-23D9-4764-9366-1E61080CF64C}"
EndProject
Global
	GlobalSection(SolutionConfigurationPlatforms) = preSolution
		Debug|x64 = Debug|x64
		Debug|x86 = Debug|x86
		Release|x64 = Release|x64
		Release|x86 = Release|x86
	EndGlobalSection
	GlobalSection(ProjectConfigurationPlatforms) = postSolution
		{FB1CB308-6A0D-43EF-9A68-5EBE10C7CADB}.Debug|x64.ActiveCfg = Debug|x64
		{FB1CB308-6A0D-43EF-9A68-5EBE10C7CADB}.Debug|x64.Build.0 = Debug|x64
		{FB1CB308-6A0D-43EF-9A68-5EBE10C7CADB}.Debug|x86.ActiveCfg = Debug|Win32
		{FB1CB308-6A0D-43EF-9A68-5EBE10C7CADB}.Debug|x86.Build.0 = Debug|Win32
		{FB1CB308-6A0D-43EF-9A68-5EBE10C7CADB}.Release|x64.ActiveCfg = Release|x64
		{FB1CB308-6A0D-43EF-9A68-5EBE10C7CADB}.Release|x64.Build.0 = Release|x64
		{FB1CB308-6A0D-43EF-9A68-5EBE10C7CADB}.Release|x86.ActiveCfg = Release|Win32
		{FB1CB308-6A0D-43EF-9A68-5EBE10C7CADB}.Release|x86.Build.0 = Release|Win32
		{366D1C2B-9B14-42EE-9AA0-C41351ECEBAA}.Debug|x64.ActiveCfg = Debug|x64
		{366D1C2B-9B14-42EE-9AA0-C41351ECEBAA}.Debug|x64.Build.0 = Debug|x64
		{366D1C2B-9B14-42EE-9AA0-C41351ECEBAA}.Debug|x86.ActiveCfg = Debug|Win32
		{366D1C2B-9B14-42EE-9AA0-C41351ECEBAA}.Debug|x86.Build.0 = Debug|Win32
		{366D1C2B-9B14-42EE-9AA0-C41351ECEBAA}.Release|x64.ActiveCfg = Release|x64
		{366D1C2B-9B14-42EE-9AA0-C41351ECEBAA}.Release|x64.Build.0 = Release|x64
		{366D1C2B-9B14-42EE-9AA0-C41351ECEBAA}.Release|x86.ActiveCfg = Release|Win32
		{366D1C2B-9B14-42EE-9AA0-C41351ECEBAA}.Release|x86.Build.0 = Release|Win32
		{D8FE8A34-23D9-4764-9366-1E61080CF64C}.Debug|x64.ActiveCfg = Debug|x64
		{D8FE8A34-23D9-4764-9366-1E61080CF64C}.Debug|x64.Build.0 = Debug|x64
		{D8FE8A34-23D9-4764-9366-1E61080CF64C}.Debug|x86.ActiveCfg = Debug|Win32
		{D8FE8A34-23D9-4764-9366-1E61080CF64C}.Debug|x86.Build.0 = Debug|Win32
		{D8FE8A34-23D9-4764-9366-1E61080CF64C}.Release|x64.ActiveCfg = Release|x64
		{D8FE8A34-23D9-4764-9366-1E61080CF64C}.Release|x64.Build.0 = Release|x64
		{D8FE8A34-23D9-4764-9366-1E61080CF64C}.Release|x86.ActiveCfg = Release|Win32
		{D8FE8A34-23D9-4764-9366-1E61080CF64C}.Release|x86.Build.0 = Release|Win32
	EndGlobalSection
	GlobalSection(SolutionProperties) = preSolution
		HideSolutionNode = FALSE
	EndGlobalSection
	GlobalSection(NestedProjects) = preSolution
		{D8FE8A34-23D9-4764-9366-1E61080CF64C} = {2B9FD6EC-DF30-4952-A9DB-0D20CF93D82B}
	EndGlobalSection
	GlobalSection(ExtensibilityGlobals) = postSolution
		SolutionGuid = {6812C8ED-622C-4967-BEFC-CCB8C64D565D}
	EndGlobalSection
EndGlobal
