
Microsoft Visual Studio Solution File, Format Version 12.00
# Visual Studio 15
VisualStudioVersion = 15.0.28307.329
MinimumVisualStudioVersion = 10.0.40219.1
Project("{8BC9CEB8-8B4A-11D0-8D11-00A0C91BC942}") = "xml2dll", "xml2dll.vcxproj", "{FB1CB308-6A0D-43EF-9A68-5EBE10C7CADB}"
EndProject
Project("{8BC9CEB8-8B4A-11D0-8D11-00A0C91BC942}") = "xml2lib", "xml2lib.vcxproj", "{366D1C2B-9B14-42EE-9AA0-C41351ECEBAA}"
EndProject
Project("{2150E333-8FDC-42A3-9474-1A3956D46DE8}") = "Tests", "Tests", "{2B9FD6EC-DF30-4952-A9DB-0D20CF93D82B}"
EndProject
Project("{8BC9CEB8-8B4A-11D0-8D11-00A0C91BC942}") = "runsuite", "runsuite\runsuite.vcxproj", "{D8FE8A34-23D9-4764-9366-1E61080CF64C}"
EndProject
Project("{2150E333-8FDC-42A3-9474-1A3956D46DE8}") = "Tools", "Tools", "{A2D09659-4C12-46CA-8DB4-115C4DAB51E0}"
EndProject
Project("{8BC9CEB8-8B4A-11D0-8D11-00A0C91BC942}") = "xmllint", "..\xmllint\xmllint.vcxproj", "{F929AA0D-2392-4578-ACD3-1F3036703853}"
EndProject
Project("{8BC9CEB8-8B4A-11D0-8D11-00A0C91BC942}") = "xmlcatalog", "..\xmlcatalog\xmlcatalog.vcxproj", "{AC98A2C8-24D9-41A3-BC85-FBD60648A6E2}"
EndProject
Project("{8BC9CEB8-8B4A-11D0-8D11-00A0C91BC942}") = "runtest", "runtest\runtest.vcxproj", "{072F93E1-0D40-4FBC-BABB-41F1E2931E71}"
EndProject
Project("{8BC9CEB8-8B4A-11D0-8D11-00A0C91BC942}") = "runxmlconf", "runxmlconf\runxmlconf.vcxproj", "{E7D6FB12-BAEF-4A25-8C53-E6B7FCA66204}"
EndProject
Global
	GlobalSection(SolutionConfigurationPlatforms) = preSolution
		Debug|x64 = Debug|x64
		Debug|x86 = Debug|x86
		Release|x64 = Release|x64
		Release|x86 = Release|x86
	EndGlobalSection
	GlobalSection(ProjectConfigurationPlatforms) = postSolution
		{FB1CB308-6A0D-43EF-9A68-5EBE10C7CADB}.Debug|x64.ActiveCfg = Debug|x64
		{FB1CB308-6A0D-43EF-9A68-5EBE10C7CADB}.Debug|x64.Build.0 = Debug|x64
		{FB1CB308-6A0D-43EF-9A68-5EBE10C7CADB}.Debug|x86.ActiveCfg = Debug|Win32
		{FB1CB308-6A0D-43EF-9A68-5EBE10C7CADB}.Debug|x86.Build.0 = Debug|Win32
		{FB1CB308-6A0D-43EF-9A68-5EBE10C7CADB}.Release|x64.ActiveCfg = Release|x64
		{FB1CB308-6A0D-43EF-9A68-5EBE10C7CADB}.Release|x64.Build.0 = Release|x64
		{FB1CB308-6A0D-43EF-9A68-5EBE10C7CADB}.Release|x86.ActiveCfg = Release|Win32
		{FB1CB308-6A0D-43EF-9A68-5EBE10C7CADB}.Release|x86.Build.0 = Release|Win32
		{366D1C2B-9B14-42EE-9AA0-C41351ECEBAA}.Debug|x64.ActiveCfg = Debug|x64
		{366D1C2B-9B14-42EE-9AA0-C41351ECEBAA}.Debug|x64.Build.0 = Debug|x64
		{366D1C2B-9B14-42EE-9AA0-C41351ECEBAA}.Debug|x86.ActiveCfg = Debug|Win32
		{366D1C2B-9B14-42EE-9AA0-C41351ECEBAA}.Debug|x86.Build.0 = Debug|Win32
		{366D1C2B-9B14-42EE-9AA0-C41351ECEBAA}.Release|x64.ActiveCfg = Release|x64
		{366D1C2B-9B14-42EE-9AA0-C41351ECEBAA}.Release|x64.Build.0 = Release|x64
		{366D1C2B-9B14-42EE-9AA0-C41351ECEBAA}.Release|x86.ActiveCfg = Release|Win32
		{366D1C2B-9B14-42EE-9AA0-C41351ECEBAA}.Release|x86.Build.0 = Release|Win32
		{D8FE8A34-23D9-4764-9366-1E61080CF64C}.Debug|x64.ActiveCfg = Debug|x64
		{D8FE8A34-23D9-4764-9366-1E61080CF64C}.Debug|x64.Build.0 = Debug|x64
		{D8FE8A34-23D9-4764-9366-1E61080CF64C}.Debug|x86.ActiveCfg = Debug|Win32
		{D8FE8A34-23D9-4764-9366-1E61080CF64C}.Debug|x86.Build.0 = Debug|Win32
		{D8FE8A34-23D9-4764-9366-1E61080CF64C}.Release|x64.ActiveCfg = Release|x64
		{D8FE8A34-23D9-4764-9366-1E61080CF64C}.Release|x64.Build.0 = Release|x64
		{D8FE8A34-23D9-4764-9366-1E61080CF64C}.Release|x86.ActiveCfg = Release|Win32
		{D8FE8A34-23D9-4764-9366-1E61080CF64C}.Release|x86.Build.0 = Release|Win32
		{F929AA0D-2392-4578-ACD3-1F3036703853}.Debug|x64.ActiveCfg = Debug|x64
		{F929AA0D-2392-4578-ACD3-1F3036703853}.Debug|x64.Build.0 = Debug|x64
		{F929AA0D-2392-4578-ACD3-1F3036703853}.Debug|x86.ActiveCfg = Debug|Win32
		{F929AA0D-2392-4578-ACD3-1F3036703853}.Debug|x86.Build.0 = Debug|Win32
		{F929AA0D-2392-4578-ACD3-1F3036703853}.Release|x64.ActiveCfg = Release|x64
		{F929AA0D-2392-4578-ACD3-1F3036703853}.Release|x64.Build.0 = Release|x64
		{F929AA0D-2392-4578-ACD3-1F3036703853}.Release|x86.ActiveCfg = Release|Win32
		{F929AA0D-2392-4578-ACD3-1F3036703853}.Release|x86.Build.0 = Release|Win32
		{AC98A2C8-24D9-41A3-BC85-FBD60648A6E2}.Debug|x64.ActiveCfg = Debug|x64
		{AC98A2C8-24D9-41A3-BC85-FBD60648A6E2}.Debug|x64.Build.0 = Debug|x64
		{AC98A2C8-24D9-41A3-BC85-FBD60648A6E2}.Debug|x86.ActiveCfg = Debug|Win32
		{AC98A2C8-24D9-41A3-BC85-FBD60648A6E2}.Debug|x86.Build.0 = Debug|Win32
		{AC98A2C8-24D9-41A3-BC85-FBD60648A6E2}.Release|x64.ActiveCfg = Release|x64
		{AC98A2C8-24D9-41A3-BC85-FBD60648A6E2}.Release|x64.Build.0 = Release|x64
		{AC98A2C8-24D9-41A3-BC85-FBD60648A6E2}.Release|x86.ActiveCfg = Release|Win32
		{AC98A2C8-24D9-41A3-BC85-FBD60648A6E2}.Release|x86.Build.0 = Release|Win32
		{072F93E1-0D40-4FBC-BABB-41F1E2931E71}.Debug|x64.ActiveCfg = Debug|x64
		{072F93E1-0D40-4FBC-BABB-41F1E2931E71}.Debug|x64.Build.0 = Debug|x64
		{072F93E1-0D40-4FBC-BABB-41F1E2931E71}.Debug|x86.ActiveCfg = Debug|Win32
		{072F93E1-0D40-4FBC-BABB-41F1E2931E71}.Debug|x86.Build.0 = Debug|Win32
		{072F93E1-0D40-4FBC-BABB-41F1E2931E71}.Release|x64.ActiveCfg = Release|x64
		{072F93E1-0D40-4FBC-BABB-41F1E2931E71}.Release|x64.Build.0 = Release|x64
		{072F93E1-0D40-4FBC-BABB-41F1E2931E71}.Release|x86.ActiveCfg = Release|Win32
		{072F93E1-0D40-4FBC-BABB-41F1E2931E71}.Release|x86.Build.0 = Release|Win32
		{E7D6FB12-BAEF-4A25-8C53-E6B7FCA66204}.Debug|x64.ActiveCfg = Debug|x64
		{E7D6FB12-BAEF-4A25-8C53-E6B7FCA66204}.Debug|x64.Build.0 = Debug|x64
		{E7D6FB12-BAEF-4A25-8C53-E6B7FCA66204}.Debug|x86.ActiveCfg = Debug|Win32
		{E7D6FB12-BAEF-4A25-8C53-E6B7FCA66204}.Debug|x86.Build.0 = Debug|Win32
		{E7D6FB12-BAEF-4A25-8C53-E6B7FCA66204}.Release|x64.ActiveCfg = Release|x64
		{E7D6FB12-BAEF-4A25-8C53-E6B7FCA66204}.Release|x64.Build.0 = Release|x64
		{E7D6FB12-BAEF-4A25-8C53-E6B7FCA66204}.Release|x86.ActiveCfg = Release|Win32
		{E7D6FB12-BAEF-4A25-8C53-E6B7FCA66204}.Release|x86.Build.0 = Release|Win32
	EndGlobalSection
	GlobalSection(SolutionProperties) = preSolution
		HideSolutionNode = FALSE
	EndGlobalSection
	GlobalSection(NestedProjects) = preSolution
		{D8FE8A34-23D9-4764-9366-1E61080CF64C} = {2B9FD6EC-DF30-4952-A9DB-0D20CF93D82B}
		{F929AA0D-2392-4578-ACD3-1F3036703853} = {A2D09659-4C12-46CA-8DB4-115C4DAB51E0}
		{AC98A2C8-24D9-41A3-BC85-FBD60648A6E2} = {A2D09659-4C12-46CA-8DB4-115C4DAB51E0}
		{072F93E1-0D40-4FBC-BABB-41F1E2931E71} = {2B9FD6EC-DF30-4952-A9DB-0D20CF93D82B}
		{E7D6FB12-BAEF-4A25-8C53-E6B7FCA66204} = {2B9FD6EC-DF30-4952-A9DB-0D20CF93D82B}
	EndGlobalSection
	GlobalSection(ExtensibilityGlobals) = postSolution
		SolutionGuid = {6812C8ED-622C-4967-BEFC-CCB8C64D565D}
	EndGlobalSection
EndGlobal
